
Microsoft Visual Studio Solution File, Format Version 12.00
# Visual Studio Version 17
VisualStudioVersion = 17.7.34031.279
MinimumVisualStudioVersion = 10.0.40219.1
Project("{FAE04EC0-301F-11D3-BF4B-00C04F79EFBC}") = "Tui_ToolQA", "Tui_ToolQA\Tui_ToolQA.csproj", "{A849E398-25AA-4107-A95A-5A834AD6E533}"
EndProject
Global
	GlobalSection(SolutionConfigurationPlatforms) = preSolution
		Debug|Any CPU = Debug|Any CPU
		Release|Any CPU = Release|Any CPU
	EndGlobalSection
	GlobalSection(ProjectConfigurationPlatforms) = postSolution
		{A849E398-25AA-4107-A95A-5A834AD6E533}.Debug|Any CPU.ActiveCfg = Debug|Any CPU
		{A849E398-25AA-4107-A95A-5A834AD6E533}.Debug|Any CPU.Build.0 = Debug|Any CPU
		{A849E398-25AA-4107-A95A-5A834AD6E533}.Release|Any CPU.ActiveCfg = Release|Any CPU
		{A849E398-25AA-4107-A95A-5A834AD6E533}.Release|Any CPU.Build.0 = Release|Any CPU
	EndGlobalSection
	GlobalSection(SolutionProperties) = preSolution
		HideSolutionNode = FALSE
	EndGlobalSection
	GlobalSection(ExtensibilityGlobals) = postSolution
		SolutionGuid = {45D532E1-B253-42C0-BCE3-B15EA494A8C2}
	EndGlobalSection
EndGlobal
